
Microsoft Visual Studio Solution File, Format Version 12.00
# Visual Studio 15
VisualStudioVersion = 15.0.27004.2010
MinimumVisualStudioVersion = 10.0.40219.1
Project("{FAE04EC0-301F-11D3-BF4B-00C04F79EFBC}") = "StrategiesForMethods_Begin", "StrategiesForMethods_Begin\StrategiesForMethods_Begin.csproj", "{8C7D4274-7444-4345-B108-631AC468BCD7}"
EndProject
Project("{FAE04EC0-301F-11D3-BF4B-00C04F79EFBC}") = "MeaningfulNames_Begin", "MeaningfulNames_Begin\MeaningfulNames_Begin.csproj", "{464EFEAA-4509-4BFA-B875-BD8697ABEC0C}"
EndProject
Project("{FAE04EC0-301F-11D3-BF4B-00C04F79EFBC}") = "AvoidCodeDuplication_Begin", "AvoidCodeDuplication_Begin\AvoidCodeDuplication_Begin.csproj", "{8245E6B6-5606-4FBE-AD12-8F70338EA07D}"
EndProject
Project("{FAE04EC0-301F-11D3-BF4B-00C04F79EFBC}") = "UseEnumsInsteadOfStrings_Begin", "UseEnumsInsteadOfStrings_Begin\UseEnumsInsteadOfStrings_Begin.csproj", "{98984EA2-8DBA-4D24-809D-08F27DBF0FEA}"
EndProject
Project("{FAE04EC0-301F-11D3-BF4B-00C04F79EFBC}") = "PlayerStates_Begin", "PlayerStates_Begin\PlayerStates_Begin.csproj", "{E5601BCB-92EB-499F-92F3-72AB4234B61C}"
EndProject
Project("{FAE04EC0-301F-11D3-BF4B-00C04F79EFBC}") = "PolymorphismOverEnum_Begin", "PolymorphismOverEnum_Begin\PolymorphismOverEnum_Begin.csproj", "{9F98A9DE-77FD-4693-95AF-2793D264BB46}"
EndProject
Global
	GlobalSection(SolutionConfigurationPlatforms) = preSolution
		Debug|Any CPU = Debug|Any CPU
		Release|Any CPU = Release|Any CPU
	EndGlobalSection
	GlobalSection(ProjectConfigurationPlatforms) = postSolution
		{8C7D4274-7444-4345-B108-631AC468BCD7}.Debug|Any CPU.ActiveCfg = Debug|Any CPU
		{8C7D4274-7444-4345-B108-631AC468BCD7}.Debug|Any CPU.Build.0 = Debug|Any CPU
		{8C7D4274-7444-4345-B108-631AC468BCD7}.Release|Any CPU.ActiveCfg = Release|Any CPU
		{8C7D4274-7444-4345-B108-631AC468BCD7}.Release|Any CPU.Build.0 = Release|Any CPU
		{464EFEAA-4509-4BFA-B875-BD8697ABEC0C}.Debug|Any CPU.ActiveCfg = Debug|Any CPU
		{464EFEAA-4509-4BFA-B875-BD8697ABEC0C}.Debug|Any CPU.Build.0 = Debug|Any CPU
		{464EFEAA-4509-4BFA-B875-BD8697ABEC0C}.Release|Any CPU.ActiveCfg = Release|Any CPU
		{464EFEAA-4509-4BFA-B875-BD8697ABEC0C}.Release|Any CPU.Build.0 = Release|Any CPU
		{8245E6B6-5606-4FBE-AD12-8F70338EA07D}.Debug|Any CPU.ActiveCfg = Debug|Any CPU
		{8245E6B6-5606-4FBE-AD12-8F70338EA07D}.Debug|Any CPU.Build.0 = Debug|Any CPU
		{8245E6B6-5606-4FBE-AD12-8F70338EA07D}.Release|Any CPU.ActiveCfg = Release|Any CPU
		{8245E6B6-5606-4FBE-AD12-8F70338EA07D}.Release|Any CPU.Build.0 = Release|Any CPU
		{98984EA2-8DBA-4D24-809D-08F27DBF0FEA}.Debug|Any CPU.ActiveCfg = Debug|Any CPU
		{98984EA2-8DBA-4D24-809D-08F27DBF0FEA}.Debug|Any CPU.Build.0 = Debug|Any CPU
		{98984EA2-8DBA-4D24-809D-08F27DBF0FEA}.Release|Any CPU.ActiveCfg = Release|Any CPU
		{98984EA2-8DBA-4D24-809D-08F27DBF0FEA}.Release|Any CPU.Build.0 = Release|Any CPU
		{E5601BCB-92EB-499F-92F3-72AB4234B61C}.Debug|Any CPU.ActiveCfg = Debug|Any CPU
		{E5601BCB-92EB-499F-92F3-72AB4234B61C}.Debug|Any CPU.Build.0 = Debug|Any CPU
		{E5601BCB-92EB-499F-92F3-72AB4234B61C}.Release|Any CPU.ActiveCfg = Release|Any CPU
		{E5601BCB-92EB-499F-92F3-72AB4234B61C}.Release|Any CPU.Build.0 = Release|Any CPU
		{9F98A9DE-77FD-4693-95AF-2793D264BB46}.Debug|Any CPU.ActiveCfg = Debug|Any CPU
		{9F98A9DE-77FD-4693-95AF-2793D264BB46}.Debug|Any CPU.Build.0 = Debug|Any CPU
		{9F98A9DE-77FD-4693-95AF-2793D264BB46}.Release|Any CPU.ActiveCfg = Release|Any CPU
		{9F98A9DE-77FD-4693-95AF-2793D264BB46}.Release|Any CPU.Build.0 = Release|Any CPU
	EndGlobalSection
	GlobalSection(SolutionProperties) = preSolution
		HideSolutionNode = FALSE
	EndGlobalSection
	GlobalSection(ExtensibilityGlobals) = postSolution
		SolutionGuid = {2FB5274A-524B-45EC-82B0-FB83454582B2}
	EndGlobalSection
EndGlobal
